
Microsoft Visual Studio Solution File, Format Version 12.00
# Visual Studio 15
VisualStudioVersion = 15.0.27703.2035
MinimumVisualStudioVersion = 10.0.40219.1
Project("{FAE04EC0-301F-11D3-BF4B-00C04F79EFBC}") = "MyXamarinApp.Android", "MyXamarinApp\MyXamarinApp.Android\MyXamarinApp.Android.csproj", "{B8F62317-CA6B-4306-ACCC-DCB55173229F}"
EndProject
Project("{FAE04EC0-301F-11D3-BF4B-00C04F79EFBC}") = "MyXamarinApp.iOS", "MyXamarinApp\MyXamarinApp.iOS\MyXamarinApp.iOS.csproj", "{EC82A26B-5C5F-4C5C-9F62-4CF46D8AB39B}"
EndProject
Project("{D954291E-2A0B-460D-934E-DC6B0785DB48}") = "MyXamarinApp", "MyXamarinApp\MyXamarinApp\MyXamarinApp.shproj", "{8E67654F-562D-44F7-A21B-9C29E9538F5B}"
EndProject
Global
	GlobalSection(SharedMSBuildProjectFiles) = preSolution
		MyXamarinApp\MyXamarinApp\MyXamarinApp.projitems*{8e67654f-562d-44f7-a21b-9c29e9538f5b}*SharedItemsImports = 13
		MyXamarinApp\MyXamarinApp\MyXamarinApp.projitems*{b8f62317-ca6b-4306-accc-dcb55173229f}*SharedItemsImports = 4
		MyXamarinApp\MyXamarinApp\MyXamarinApp.projitems*{ec82a26b-5c5f-4c5c-9f62-4cf46d8ab39b}*SharedItemsImports = 4
	EndGlobalSection
	GlobalSection(SolutionConfigurationPlatforms) = preSolution
		Ad-Hoc|Any CPU = Ad-Hoc|Any CPU
		Ad-Hoc|iPhone = Ad-Hoc|iPhone
		Ad-Hoc|iPhoneSimulator = Ad-Hoc|iPhoneSimulator
		AppStore|Any CPU = AppStore|Any CPU
		AppStore|iPhone = AppStore|iPhone
		AppStore|iPhoneSimulator = AppStore|iPhoneSimulator
		Debug|Any CPU = Debug|Any CPU
		Debug|iPhone = Debug|iPhone
		Debug|iPhoneSimulator = Debug|iPhoneSimulator
		Release|Any CPU = Release|Any CPU
		Release|iPhone = Release|iPhone
		Release|iPhoneSimulator = Release|iPhoneSimulator
	EndGlobalSection
	GlobalSection(ProjectConfigurationPlatforms) = postSolution
		{B8F62317-CA6B-4306-ACCC-DCB55173229F}.Ad-Hoc|Any CPU.ActiveCfg = Release|Any CPU
		{B8F62317-CA6B-4306-ACCC-DCB55173229F}.Ad-Hoc|Any CPU.Build.0 = Release|Any CPU
		{B8F62317-CA6B-4306-ACCC-DCB55173229F}.Ad-Hoc|Any CPU.Deploy.0 = Release|Any CPU
		{B8F62317-CA6B-4306-ACCC-DCB55173229F}.Ad-Hoc|iPhone.ActiveCfg = Release|Any CPU
		{B8F62317-CA6B-4306-ACCC-DCB55173229F}.Ad-Hoc|iPhone.Build.0 = Release|Any CPU
		{B8F62317-CA6B-4306-ACCC-DCB55173229F}.Ad-Hoc|iPhone.Deploy.0 = Release|Any CPU
		{B8F62317-CA6B-4306-ACCC-DCB55173229F}.Ad-Hoc|iPhoneSimulator.ActiveCfg = Release|Any CPU
		{B8F62317-CA6B-4306-ACCC-DCB55173229F}.Ad-Hoc|iPhoneSimulator.Build.0 = Release|Any CPU
		{B8F62317-CA6B-4306-ACCC-DCB55173229F}.Ad-Hoc|iPhoneSimulator.Deploy.0 = Release|Any CPU
		{B8F62317-CA6B-4306-ACCC-DCB55173229F}.AppStore|Any CPU.ActiveCfg = Release|Any CPU
		{B8F62317-CA6B-4306-ACCC-DCB55173229F}.AppStore|Any CPU.Build.0 = Release|Any CPU
		{B8F62317-CA6B-4306-ACCC-DCB55173229F}.AppStore|Any CPU.Deploy.0 = Release|Any CPU
		{B8F62317-CA6B-4306-ACCC-DCB55173229F}.AppStore|iPhone.ActiveCfg = Release|Any CPU
		{B8F62317-CA6B-4306-ACCC-DCB55173229F}.AppStore|iPhone.Build.0 = Release|Any CPU
		{B8F62317-CA6B-4306-ACCC-DCB55173229F}.AppStore|iPhone.Deploy.0 = Release|Any CPU
		{B8F62317-CA6B-4306-ACCC-DCB55173229F}.AppStore|iPhoneSimulator.ActiveCfg = Release|Any CPU
		{B8F62317-CA6B-4306-ACCC-DCB55173229F}.AppStore|iPhoneSimulator.Build.0 = Release|Any CPU
		{B8F62317-CA6B-4306-ACCC-DCB55173229F}.AppStore|iPhoneSimulator.Deploy.0 = Release|Any CPU
		{B8F62317-CA6B-4306-ACCC-DCB55173229F}.Debug|Any CPU.ActiveCfg = Debug|Any CPU
		{B8F62317-CA6B-4306-ACCC-DCB55173229F}.Debug|Any CPU.Build.0 = Debug|Any CPU
		{B8F62317-CA6B-4306-ACCC-DCB55173229F}.Debug|Any CPU.Deploy.0 = Debug|Any CPU
		{B8F62317-CA6B-4306-ACCC-DCB55173229F}.Debug|iPhone.ActiveCfg = Debug|Any CPU
		{B8F62317-CA6B-4306-ACCC-DCB55173229F}.Debug|iPhone.Build.0 = Debug|Any CPU
		{B8F62317-CA6B-4306-ACCC-DCB55173229F}.Debug|iPhone.Deploy.0 = Debug|Any CPU
		{B8F62317-CA6B-4306-ACCC-DCB55173229F}.Debug|iPhoneSimulator.ActiveCfg = Debug|Any CPU
		{B8F62317-CA6B-4306-ACCC-DCB55173229F}.Debug|iPhoneSimulator.Build.0 = Debug|Any CPU
		{B8F62317-CA6B-4306-ACCC-DCB55173229F}.Debug|iPhoneSimulator.Deploy.0 = Debug|Any CPU
		{B8F62317-CA6B-4306-ACCC-DCB55173229F}.Release|Any CPU.ActiveCfg = Release|Any CPU
		{B8F62317-CA6B-4306-ACCC-DCB55173229F}.Release|Any CPU.Build.0 = Release|Any CPU
		{B8F62317-CA6B-4306-ACCC-DCB55173229F}.Release|Any CPU.Deploy.0 = Release|Any CPU
		{B8F62317-CA6B-4306-ACCC-DCB55173229F}.Release|iPhone.ActiveCfg = Release|Any CPU
		{B8F62317-CA6B-4306-ACCC-DCB55173229F}.Release|iPhone.Build.0 = Release|Any CPU
		{B8F62317-CA6B-4306-ACCC-DCB55173229F}.Release|iPhone.Deploy.0 = Release|Any CPU
		{B8F62317-CA6B-4306-ACCC-DCB55173229F}.Release|iPhoneSimulator.ActiveCfg = Release|Any CPU
		{B8F62317-CA6B-4306-ACCC-DCB55173229F}.Release|iPhoneSimulator.Build.0 = Release|Any CPU
		{B8F62317-CA6B-4306-ACCC-DCB55173229F}.Release|iPhoneSimulator.Deploy.0 = Release|Any CPU
		{EC82A26B-5C5F-4C5C-9F62-4CF46D8AB39B}.Ad-Hoc|Any CPU.ActiveCfg = Ad-Hoc|iPhone
		{EC82A26B-5C5F-4C5C-9F62-4CF46D8AB39B}.Ad-Hoc|Any CPU.Build.0 = Ad-Hoc|iPhone
		{EC82A26B-5C5F-4C5C-9F62-4CF46D8AB39B}.Ad-Hoc|Any CPU.Deploy.0 = Ad-Hoc|iPhone
		{EC82A26B-5C5F-4C5C-9F62-4CF46D8AB39B}.Ad-Hoc|iPhone.ActiveCfg = Ad-Hoc|iPhone
		{EC82A26B-5C5F-4C5C-9F62-4CF46D8AB39B}.Ad-Hoc|iPhone.Build.0 = Ad-Hoc|iPhone
		{EC82A26B-5C5F-4C5C-9F62-4CF46D8AB39B}.Ad-Hoc|iPhone.Deploy.0 = Ad-Hoc|iPhone
		{EC82A26B-5C5F-4C5C-9F62-4CF46D8AB39B}.Ad-Hoc|iPhoneSimulator.ActiveCfg = Ad-Hoc|iPhoneSimulator
		{EC82A26B-5C5F-4C5C-9F62-4CF46D8AB39B}.Ad-Hoc|iPhoneSimulator.Build.0 = Ad-Hoc|iPhoneSimulator
		{EC82A26B-5C5F-4C5C-9F62-4CF46D8AB39B}.Ad-Hoc|iPhoneSimulator.Deploy.0 = Ad-Hoc|iPhoneSimulator
		{EC82A26B-5C5F-4C5C-9F62-4CF46D8AB39B}.AppStore|Any CPU.ActiveCfg = AppStore|iPhone
		{EC82A26B-5C5F-4C5C-9F62-4CF46D8AB39B}.AppStore|Any CPU.Build.0 = AppStore|iPhone
		{EC82A26B-5C5F-4C5C-9F62-4CF46D8AB39B}.AppStore|Any CPU.Deploy.0 = AppStore|iPhone
		{EC82A26B-5C5F-4C5C-9F62-4CF46D8AB39B}.AppStore|iPhone.ActiveCfg = AppStore|iPhone
		{EC82A26B-5C5F-4C5C-9F62-4CF46D8AB39B}.AppStore|iPhone.Build.0 = AppStore|iPhone
		{EC82A26B-5C5F-4C5C-9F62-4CF46D8AB39B}.AppStore|iPhone.Deploy.0 = AppStore|iPhone
		{EC82A26B-5C5F-4C5C-9F62-4CF46D8AB39B}.AppStore|iPhoneSimulator.ActiveCfg = AppStore|iPhoneSimulator
		{EC82A26B-5C5F-4C5C-9F62-4CF46D8AB39B}.AppStore|iPhoneSimulator.Build.0 = AppStore|iPhoneSimulator
		{EC82A26B-5C5F-4C5C-9F62-4CF46D8AB39B}.AppStore|iPhoneSimulator.Deploy.0 = AppStore|iPhoneSimulator
		{EC82A26B-5C5F-4C5C-9F62-4CF46D8AB39B}.Debug|Any CPU.ActiveCfg = Debug|iPhoneSimulator
		{EC82A26B-5C5F-4C5C-9F62-4CF46D8AB39B}.Debug|Any CPU.Build.0 = Debug|iPhoneSimulator
		{EC82A26B-5C5F-4C5C-9F62-4CF46D8AB39B}.Debug|Any CPU.Deploy.0 = Debug|iPhoneSimulator
		{EC82A26B-5C5F-4C5C-9F62-4CF46D8AB39B}.Debug|iPhone.ActiveCfg = Debug|iPhone
		{EC82A26B-5C5F-4C5C-9F62-4CF46D8AB39B}.Debug|iPhone.Build.0 = Debug|iPhone
		{EC82A26B-5C5F-4C5C-9F62-4CF46D8AB39B}.Debug|iPhone.Deploy.0 = Debug|iPhone
		{EC82A26B-5C5F-4C5C-9F62-4CF46D8AB39B}.Debug|iPhoneSimulator.ActiveCfg = Debug|iPhoneSimulator
		{EC82A26B-5C5F-4C5C-9F62-4CF46D8AB39B}.Debug|iPhoneSimulator.Build.0 = Debug|iPhoneSimulator
		{EC82A26B-5C5F-4C5C-9F62-4CF46D8AB39B}.Debug|iPhoneSimulator.Deploy.0 = Debug|iPhoneSimulator
		{EC82A26B-5C5F-4C5C-9F62-4CF46D8AB39B}.Release|Any CPU.ActiveCfg = Release|iPhone
		{EC82A26B-5C5F-4C5C-9F62-4CF46D8AB39B}.Release|Any CPU.Build.0 = Release|iPhone
		{EC82A26B-5C5F-4C5C-9F62-4CF46D8AB39B}.Release|Any CPU.Deploy.0 = Release|iPhone
		{EC82A26B-5C5F-4C5C-9F62-4CF46D8AB39B}.Release|iPhone.ActiveCfg = Release|iPhone
		{EC82A26B-5C5F-4C5C-9F62-4CF46D8AB39B}.Release|iPhone.Build.0 = Release|iPhone
		{EC82A26B-5C5F-4C5C-9F62-4CF46D8AB39B}.Release|iPhone.Deploy.0 = Release|iPhone
		{EC82A26B-5C5F-4C5C-9F62-4CF46D8AB39B}.Release|iPhoneSimulator.ActiveCfg = Release|iPhoneSimulator
		{EC82A26B-5C5F-4C5C-9F62-4CF46D8AB39B}.Release|iPhoneSimulator.Build.0 = Release|iPhoneSimulator
		{EC82A26B-5C5F-4C5C-9F62-4CF46D8AB39B}.Release|iPhoneSimulator.Deploy.0 = Release|iPhoneSimulator
	EndGlobalSection
	GlobalSection(SolutionProperties) = preSolution
		HideSolutionNode = FALSE
	EndGlobalSection
	GlobalSection(ExtensibilityGlobals) = postSolution
		SolutionGuid = {BF869A4D-193A-4548-8F02-45A780E082F8}
	EndGlobalSection
EndGlobal
